// !$*UTF8*$!
{
	archiveVersion = 1;
	classes = {
	};
	objectVersion = 56;
	objects = {

/* Begin PBXBuildFile section */
		B308A8352CB94B1F008A8534 /* FireStoreManager.swift in Sources */ = {isa = PBXBuildFile; fileRef = B308A8342CB94B1F008A8534 /* FireStoreManager.swift */; };
		B308A8372CB96097008A8534 /* DeckDetailView.swift in Sources */ = {isa = PBXBuildFile; fileRef = B308A8362CB96097008A8534 /* DeckDetailView.swift */; };
		B308A8392CB96106008A8534 /* Deck+Helpers.swift in Sources */ = {isa = PBXBuildFile; fileRef = B308A8382CB96106008A8534 /* Deck+Helpers.swift */; };
		B308A83B2CB96133008A8534 /* AddFlashCardView.swift in Sources */ = {isa = PBXBuildFile; fileRef = B308A83A2CB96133008A8534 /* AddFlashCardView.swift */; };
		B308A83D2CB961DE008A8534 /* CoreDataStack.swift in Sources */ = {isa = PBXBuildFile; fileRef = B308A83C2CB961DE008A8534 /* CoreDataStack.swift */; };
		B308A83F2CBA9E3E008A8534 /* GoogleService-Info.plist in Resources */ = {isa = PBXBuildFile; fileRef = B308A83E2CBA9E3E008A8534 /* GoogleService-Info.plist */; };
		B308A8412CBBE294008A8534 /* FlashCardStudyView.swift in Sources */ = {isa = PBXBuildFile; fileRef = B308A8402CBBE294008A8534 /* FlashCardStudyView.swift */; };
		B38F718A2CB9386B0034DC56 /* FlashCardApp.swift in Sources */ = {isa = PBXBuildFile; fileRef = B38F71892CB9386B0034DC56 /* FlashCardApp.swift */; };
		B38F718C2CB9386B0034DC56 /* ContentView.swift in Sources */ = {isa = PBXBuildFile; fileRef = B38F718B2CB9386B0034DC56 /* ContentView.swift */; };
		B38F718E2CB9386C0034DC56 /* Assets.xcassets in Resources */ = {isa = PBXBuildFile; fileRef = B38F718D2CB9386C0034DC56 /* Assets.xcassets */; };
		B38F71912CB9386C0034DC56 /* Preview Assets.xcassets in Resources */ = {isa = PBXBuildFile; fileRef = B38F71902CB9386C0034DC56 /* Preview Assets.xcassets */; };
		B38F71932CB9386C0034DC56 /* Persistence.swift in Sources */ = {isa = PBXBuildFile; fileRef = B38F71922CB9386C0034DC56 /* Persistence.swift */; };
		B38F71962CB9386C0034DC56 /* FlashCard.xcdatamodeld in Sources */ = {isa = PBXBuildFile; fileRef = B38F71942CB9386C0034DC56 /* FlashCard.xcdatamodeld */; };
		B38F71A32CB93A910034DC56 /* FirebaseAnalytics in Frameworks */ = {isa = PBXBuildFile; productRef = B38F71A22CB93A910034DC56 /* FirebaseAnalytics */; };
		B38F71A52CB93A910034DC56 /* FirebaseAnalyticsOnDeviceConversion in Frameworks */ = {isa = PBXBuildFile; productRef = B38F71A42CB93A910034DC56 /* FirebaseAnalyticsOnDeviceConversion */; };
		B38F71A72CB93A910034DC56 /* FirebaseAnalyticsWithoutAdIdSupport in Frameworks */ = {isa = PBXBuildFile; productRef = B38F71A62CB93A910034DC56 /* FirebaseAnalyticsWithoutAdIdSupport */; };
		B38F71A92CB93A910034DC56 /* FirebaseAppCheck in Frameworks */ = {isa = PBXBuildFile; productRef = B38F71A82CB93A910034DC56 /* FirebaseAppCheck */; };
		B38F71AB2CB93A910034DC56 /* FirebaseAppDistribution-Beta in Frameworks */ = {isa = PBXBuildFile; productRef = B38F71AA2CB93A910034DC56 /* FirebaseAppDistribution-Beta */; };
		B38F71AD2CB93A910034DC56 /* FirebaseAuth in Frameworks */ = {isa = PBXBuildFile; productRef = B38F71AC2CB93A910034DC56 /* FirebaseAuth */; };
		B38F71AF2CB93A910034DC56 /* FirebaseAuthCombine-Community in Frameworks */ = {isa = PBXBuildFile; productRef = B38F71AE2CB93A910034DC56 /* FirebaseAuthCombine-Community */; };
		B38F71B12CB93A910034DC56 /* FirebaseCore in Frameworks */ = {isa = PBXBuildFile; productRef = B38F71B02CB93A910034DC56 /* FirebaseCore */; };
		B38F71B32CB93A910034DC56 /* FirebaseCrashlytics in Frameworks */ = {isa = PBXBuildFile; productRef = B38F71B22CB93A910034DC56 /* FirebaseCrashlytics */; };
		B38F71B52CB93A910034DC56 /* FirebaseDatabase in Frameworks */ = {isa = PBXBuildFile; productRef = B38F71B42CB93A910034DC56 /* FirebaseDatabase */; };
		B38F71B72CB93A910034DC56 /* FirebaseDynamicLinks in Frameworks */ = {isa = PBXBuildFile; productRef = B38F71B62CB93A910034DC56 /* FirebaseDynamicLinks */; };
		B38F71B92CB93A910034DC56 /* FirebaseFirestore in Frameworks */ = {isa = PBXBuildFile; productRef = B38F71B82CB93A910034DC56 /* FirebaseFirestore */; };
		B38F71BB2CB93A910034DC56 /* FirebaseFirestoreCombine-Community in Frameworks */ = {isa = PBXBuildFile; productRef = B38F71BA2CB93A910034DC56 /* FirebaseFirestoreCombine-Community */; };
		B38F71BD2CB93A910034DC56 /* FirebaseFunctions in Frameworks */ = {isa = PBXBuildFile; productRef = B38F71BC2CB93A910034DC56 /* FirebaseFunctions */; };
		B38F71BF2CB93A910034DC56 /* FirebaseFunctionsCombine-Community in Frameworks */ = {isa = PBXBuildFile; productRef = B38F71BE2CB93A910034DC56 /* FirebaseFunctionsCombine-Community */; };
		B38F71C12CB93A910034DC56 /* FirebaseInAppMessaging-Beta in Frameworks */ = {isa = PBXBuildFile; productRef = B38F71C02CB93A910034DC56 /* FirebaseInAppMessaging-Beta */; };
		B38F71C32CB93A910034DC56 /* FirebaseInstallations in Frameworks */ = {isa = PBXBuildFile; productRef = B38F71C22CB93A910034DC56 /* FirebaseInstallations */; };
		B38F71C52CB93A910034DC56 /* FirebaseMLModelDownloader in Frameworks */ = {isa = PBXBuildFile; productRef = B38F71C42CB93A910034DC56 /* FirebaseMLModelDownloader */; };
		B38F71C72CB93A910034DC56 /* FirebaseMessaging in Frameworks */ = {isa = PBXBuildFile; productRef = B38F71C62CB93A910034DC56 /* FirebaseMessaging */; };
		B38F71C92CB93A910034DC56 /* FirebasePerformance in Frameworks */ = {isa = PBXBuildFile; productRef = B38F71C82CB93A910034DC56 /* FirebasePerformance */; };
		B38F71CB2CB93A910034DC56 /* FirebaseRemoteConfig in Frameworks */ = {isa = PBXBuildFile; productRef = B38F71CA2CB93A910034DC56 /* FirebaseRemoteConfig */; };
		B38F71CD2CB93A910034DC56 /* FirebaseStorage in Frameworks */ = {isa = PBXBuildFile; productRef = B38F71CC2CB93A910034DC56 /* FirebaseStorage */; };
		B38F71CF2CB93A910034DC56 /* FirebaseStorageCombine-Community in Frameworks */ = {isa = PBXBuildFile; productRef = B38F71CE2CB93A910034DC56 /* FirebaseStorageCombine-Community */; };
		B38F71D12CB93A910034DC56 /* FirebaseVertexAI-Preview in Frameworks */ = {isa = PBXBuildFile; productRef = B38F71D02CB93A910034DC56 /* FirebaseVertexAI-Preview */; };
		B38F71E82CB9415F0034DC56 /* Deck+CoreDataClass.swift in Sources */ = {isa = PBXBuildFile; fileRef = B38F71E22CB9415F0034DC56 /* Deck+CoreDataClass.swift */; };
		B38F71E92CB9415F0034DC56 /* Deck+CoreDataProperties.swift in Sources */ = {isa = PBXBuildFile; fileRef = B38F71E32CB9415F0034DC56 /* Deck+CoreDataProperties.swift */; };
		B38F71EA2CB9415F0034DC56 /* Topic+CoreDataClass.swift in Sources */ = {isa = PBXBuildFile; fileRef = B38F71E42CB9415F0034DC56 /* Topic+CoreDataClass.swift */; };
		B38F71EB2CB9415F0034DC56 /* Topic+CoreDataProperties.swift in Sources */ = {isa = PBXBuildFile; fileRef = B38F71E52CB9415F0034DC56 /* Topic+CoreDataProperties.swift */; };
		B38F71EC2CB9415F0034DC56 /* FlashCard+CoreDataClass.swift in Sources */ = {isa = PBXBuildFile; fileRef = B38F71E62CB9415F0034DC56 /* FlashCard+CoreDataClass.swift */; };
		B38F71ED2CB9415F0034DC56 /* FlashCard+CoreDataProperties.swift in Sources */ = {isa = PBXBuildFile; fileRef = B38F71E72CB9415F0034DC56 /* FlashCard+CoreDataProperties.swift */; };
		B38F71EF2CB943640034DC56 /* HomePageView.swift in Sources */ = {isa = PBXBuildFile; fileRef = B38F71EE2CB943640034DC56 /* HomePageView.swift */; };
/* End PBXBuildFile section */

/* Begin PBXFileReference section */
		B308A8342CB94B1F008A8534 /* FireStoreManager.swift */ = {isa = PBXFileReference; lastKnownFileType = sourcecode.swift; path = FireStoreManager.swift; sourceTree = "<group>"; };
		B308A8362CB96097008A8534 /* DeckDetailView.swift */ = {isa = PBXFileReference; lastKnownFileType = sourcecode.swift; path = DeckDetailView.swift; sourceTree = "<group>"; };
		B308A8382CB96106008A8534 /* Deck+Helpers.swift */ = {isa = PBXFileReference; lastKnownFileType = sourcecode.swift; path = "Deck+Helpers.swift"; sourceTree = "<group>"; };
		B308A83A2CB96133008A8534 /* AddFlashCardView.swift */ = {isa = PBXFileReference; lastKnownFileType = sourcecode.swift; path = AddFlashCardView.swift; sourceTree = "<group>"; };
		B308A83C2CB961DE008A8534 /* CoreDataStack.swift */ = {isa = PBXFileReference; lastKnownFileType = sourcecode.swift; path = CoreDataStack.swift; sourceTree = "<group>"; };
		B308A83E2CBA9E3E008A8534 /* GoogleService-Info.plist */ = {isa = PBXFileReference; fileEncoding = 4; lastKnownFileType = text.plist.xml; path = "GoogleService-Info.plist"; sourceTree = "<group>"; };
		B308A8402CBBE294008A8534 /* FlashCardStudyView.swift */ = {isa = PBXFileReference; lastKnownFileType = sourcecode.swift; path = FlashCardStudyView.swift; sourceTree = "<group>"; };
		B38F71862CB9386B0034DC56 /* FlashCard.app */ = {isa = PBXFileReference; explicitFileType = wrapper.application; includeInIndex = 0; path = FlashCard.app; sourceTree = BUILT_PRODUCTS_DIR; };
		B38F71892CB9386B0034DC56 /* FlashCardApp.swift */ = {isa = PBXFileReference; lastKnownFileType = sourcecode.swift; path = FlashCardApp.swift; sourceTree = "<group>"; };
		B38F718B2CB9386B0034DC56 /* ContentView.swift */ = {isa = PBXFileReference; lastKnownFileType = sourcecode.swift; path = ContentView.swift; sourceTree = "<group>"; };
		B38F718D2CB9386C0034DC56 /* Assets.xcassets */ = {isa = PBXFileReference; lastKnownFileType = folder.assetcatalog; path = Assets.xcassets; sourceTree = "<group>"; };
		B38F71902CB9386C0034DC56 /* Preview Assets.xcassets */ = {isa = PBXFileReference; lastKnownFileType = folder.assetcatalog; path = "Preview Assets.xcassets"; sourceTree = "<group>"; };
		B38F71922CB9386C0034DC56 /* Persistence.swift */ = {isa = PBXFileReference; lastKnownFileType = sourcecode.swift; path = Persistence.swift; sourceTree = "<group>"; };
		B38F71952CB9386C0034DC56 /* FlashCard.xcdatamodel */ = {isa = PBXFileReference; lastKnownFileType = wrapper.xcdatamodel; path = FlashCard.xcdatamodel; sourceTree = "<group>"; };
		B38F71E22CB9415F0034DC56 /* Deck+CoreDataClass.swift */ = {isa = PBXFileReference; lastKnownFileType = sourcecode.swift; path = "Deck+CoreDataClass.swift"; sourceTree = "<group>"; };
		B38F71E32CB9415F0034DC56 /* Deck+CoreDataProperties.swift */ = {isa = PBXFileReference; lastKnownFileType = sourcecode.swift; path = "Deck+CoreDataProperties.swift"; sourceTree = "<group>"; };
		B38F71E42CB9415F0034DC56 /* Topic+CoreDataClass.swift */ = {isa = PBXFileReference; lastKnownFileType = sourcecode.swift; path = "Topic+CoreDataClass.swift"; sourceTree = "<group>"; };
		B38F71E52CB9415F0034DC56 /* Topic+CoreDataProperties.swift */ = {isa = PBXFileReference; lastKnownFileType = sourcecode.swift; path = "Topic+CoreDataProperties.swift"; sourceTree = "<group>"; };
		B38F71E62CB9415F0034DC56 /* FlashCard+CoreDataClass.swift */ = {isa = PBXFileReference; lastKnownFileType = sourcecode.swift; path = "FlashCard+CoreDataClass.swift"; sourceTree = "<group>"; };
		B38F71E72CB9415F0034DC56 /* FlashCard+CoreDataProperties.swift */ = {isa = PBXFileReference; lastKnownFileType = sourcecode.swift; path = "FlashCard+CoreDataProperties.swift"; sourceTree = "<group>"; };
		B38F71EE2CB943640034DC56 /* HomePageView.swift */ = {isa = PBXFileReference; lastKnownFileType = sourcecode.swift; path = HomePageView.swift; sourceTree = "<group>"; };
/* End PBXFileReference section */

/* Begin PBXFrameworksBuildPhase section */
		B38F71832CB9386B0034DC56 /* Frameworks */ = {
			isa = PBXFrameworksBuildPhase;
			buildActionMask = 2147483647;
			files = (
				B38F71D12CB93A910034DC56 /* FirebaseVertexAI-Preview in Frameworks */,
				B38F71BB2CB93A910034DC56 /* FirebaseFirestoreCombine-Community in Frameworks */,
				B38F71BD2CB93A910034DC56 /* FirebaseFunctions in Frameworks */,
				B38F71C92CB93A910034DC56 /* FirebasePerformance in Frameworks */,
				B38F71CF2CB93A910034DC56 /* FirebaseStorageCombine-Community in Frameworks */,
				B38F71CB2CB93A910034DC56 /* FirebaseRemoteConfig in Frameworks */,
				B38F71B52CB93A910034DC56 /* FirebaseDatabase in Frameworks */,
				B38F71B72CB93A910034DC56 /* FirebaseDynamicLinks in Frameworks */,
				B38F71A92CB93A910034DC56 /* FirebaseAppCheck in Frameworks */,
				B38F71AD2CB93A910034DC56 /* FirebaseAuth in Frameworks */,
				B38F71A32CB93A910034DC56 /* FirebaseAnalytics in Frameworks */,
				B38F71B92CB93A910034DC56 /* FirebaseFirestore in Frameworks */,
				B38F71C72CB93A910034DC56 /* FirebaseMessaging in Frameworks */,
				B38F71C32CB93A910034DC56 /* FirebaseInstallations in Frameworks */,
				B38F71BF2CB93A910034DC56 /* FirebaseFunctionsCombine-Community in Frameworks */,
				B38F71AB2CB93A910034DC56 /* FirebaseAppDistribution-Beta in Frameworks */,
				B38F71A72CB93A910034DC56 /* FirebaseAnalyticsWithoutAdIdSupport in Frameworks */,
				B38F71C12CB93A910034DC56 /* FirebaseInAppMessaging-Beta in Frameworks */,
				B38F71AF2CB93A910034DC56 /* FirebaseAuthCombine-Community in Frameworks */,
				B38F71B32CB93A910034DC56 /* FirebaseCrashlytics in Frameworks */,
				B38F71C52CB93A910034DC56 /* FirebaseMLModelDownloader in Frameworks */,
				B38F71CD2CB93A910034DC56 /* FirebaseStorage in Frameworks */,
				B38F71B12CB93A910034DC56 /* FirebaseCore in Frameworks */,
				B38F71A52CB93A910034DC56 /* FirebaseAnalyticsOnDeviceConversion in Frameworks */,
			);
			runOnlyForDeploymentPostprocessing = 0;
		};
/* End PBXFrameworksBuildPhase section */

/* Begin PBXGroup section */
		B38F717D2CB9386B0034DC56 = {
			isa = PBXGroup;
			children = (
				B38F71882CB9386B0034DC56 /* FlashCard */,
				B38F71872CB9386B0034DC56 /* Products */,
			);
			sourceTree = "<group>";
		};
		B38F71872CB9386B0034DC56 /* Products */ = {
			isa = PBXGroup;
			children = (
				B38F71862CB9386B0034DC56 /* FlashCard.app */,
			);
			name = Products;
			sourceTree = "<group>";
		};
		B38F71882CB9386B0034DC56 /* FlashCard */ = {
			isa = PBXGroup;
			children = (
				B308A83E2CBA9E3E008A8534 /* GoogleService-Info.plist */,
				B38F719E2CB938A20034DC56 /* viewmodel */,
				B38F719D2CB938960034DC56 /* view */,
				B38F719C2CB9388D0034DC56 /* model */,
				B38F71892CB9386B0034DC56 /* FlashCardApp.swift */,
				B38F718B2CB9386B0034DC56 /* ContentView.swift */,
				B38F718D2CB9386C0034DC56 /* Assets.xcassets */,
				B38F71922CB9386C0034DC56 /* Persistence.swift */,
				B38F71942CB9386C0034DC56 /* FlashCard.xcdatamodeld */,
				B38F718F2CB9386C0034DC56 /* Preview Content */,
				B308A83C2CB961DE008A8534 /* CoreDataStack.swift */,
			);
			path = FlashCard;
			sourceTree = "<group>";
		};
		B38F718F2CB9386C0034DC56 /* Preview Content */ = {
			isa = PBXGroup;
			children = (
				B38F71902CB9386C0034DC56 /* Preview Assets.xcassets */,
			);
			path = "Preview Content";
			sourceTree = "<group>";
		};
		B38F719C2CB9388D0034DC56 /* model */ = {
			isa = PBXGroup;
			children = (
				B38F71E22CB9415F0034DC56 /* Deck+CoreDataClass.swift */,
				B38F71E32CB9415F0034DC56 /* Deck+CoreDataProperties.swift */,
				B38F71E42CB9415F0034DC56 /* Topic+CoreDataClass.swift */,
				B38F71E52CB9415F0034DC56 /* Topic+CoreDataProperties.swift */,
				B38F71E62CB9415F0034DC56 /* FlashCard+CoreDataClass.swift */,
				B38F71E72CB9415F0034DC56 /* FlashCard+CoreDataProperties.swift */,
				B308A8382CB96106008A8534 /* Deck+Helpers.swift */,
			);
			path = model;
			sourceTree = "<group>";
		};
		B38F719D2CB938960034DC56 /* view */ = {
			isa = PBXGroup;
			children = (
				B38F71EE2CB943640034DC56 /* HomePageView.swift */,
				B308A8362CB96097008A8534 /* DeckDetailView.swift */,
				B308A83A2CB96133008A8534 /* AddFlashCardView.swift */,
				B308A8402CBBE294008A8534 /* FlashCardStudyView.swift */,
			);
			path = view;
			sourceTree = "<group>";
		};
		B38F719E2CB938A20034DC56 /* viewmodel */ = {
			isa = PBXGroup;
			children = (
				B308A8342CB94B1F008A8534 /* FireStoreManager.swift */,
			);
			path = viewmodel;
			sourceTree = "<group>";
		};
/* End PBXGroup section */

/* Begin PBXNativeTarget section */
		B38F71852CB9386B0034DC56 /* FlashCard */ = {
			isa = PBXNativeTarget;
			buildConfigurationList = B38F71992CB9386C0034DC56 /* Build configuration list for PBXNativeTarget "FlashCard" */;
			buildPhases = (
				B38F71822CB9386B0034DC56 /* Sources */,
				B38F71832CB9386B0034DC56 /* Frameworks */,
				B38F71842CB9386B0034DC56 /* Resources */,
			);
			buildRules = (
			);
			dependencies = (
			);
			name = FlashCard;
			packageProductDependencies = (
				B38F71A22CB93A910034DC56 /* FirebaseAnalytics */,
				B38F71A42CB93A910034DC56 /* FirebaseAnalyticsOnDeviceConversion */,
				B38F71A62CB93A910034DC56 /* FirebaseAnalyticsWithoutAdIdSupport */,
				B38F71A82CB93A910034DC56 /* FirebaseAppCheck */,
				B38F71AA2CB93A910034DC56 /* FirebaseAppDistribution-Beta */,
				B38F71AC2CB93A910034DC56 /* FirebaseAuth */,
				B38F71AE2CB93A910034DC56 /* FirebaseAuthCombine-Community */,
				B38F71B02CB93A910034DC56 /* FirebaseCore */,
				B38F71B22CB93A910034DC56 /* FirebaseCrashlytics */,
				B38F71B42CB93A910034DC56 /* FirebaseDatabase */,
				B38F71B62CB93A910034DC56 /* FirebaseDynamicLinks */,
				B38F71B82CB93A910034DC56 /* FirebaseFirestore */,
				B38F71BA2CB93A910034DC56 /* FirebaseFirestoreCombine-Community */,
				B38F71BC2CB93A910034DC56 /* FirebaseFunctions */,
				B38F71BE2CB93A910034DC56 /* FirebaseFunctionsCombine-Community */,
				B38F71C02CB93A910034DC56 /* FirebaseInAppMessaging-Beta */,
				B38F71C22CB93A910034DC56 /* FirebaseInstallations */,
				B38F71C42CB93A910034DC56 /* FirebaseMLModelDownloader */,
				B38F71C62CB93A910034DC56 /* FirebaseMessaging */,
				B38F71C82CB93A910034DC56 /* FirebasePerformance */,
				B38F71CA2CB93A910034DC56 /* FirebaseRemoteConfig */,
				B38F71CC2CB93A910034DC56 /* FirebaseStorage */,
				B38F71CE2CB93A910034DC56 /* FirebaseStorageCombine-Community */,
				B38F71D02CB93A910034DC56 /* FirebaseVertexAI-Preview */,
			);
			productName = FlashCard;
			productReference = B38F71862CB9386B0034DC56 /* FlashCard.app */;
			productType = "com.apple.product-type.application";
		};
/* End PBXNativeTarget section */

/* Begin PBXProject section */
		B38F717E2CB9386B0034DC56 /* Project object */ = {
			isa = PBXProject;
			attributes = {
				BuildIndependentTargetsInParallel = 1;
				LastSwiftUpdateCheck = 1510;
				LastUpgradeCheck = 1510;
				TargetAttributes = {
					B38F71852CB9386B0034DC56 = {
						CreatedOnToolsVersion = 15.1;
					};
				};
			};
			buildConfigurationList = B38F71812CB9386B0034DC56 /* Build configuration list for PBXProject "FlashCard" */;
			compatibilityVersion = "Xcode 14.0";
			developmentRegion = en;
			hasScannedForEncodings = 0;
			knownRegions = (
				en,
				Base,
			);
			mainGroup = B38F717D2CB9386B0034DC56;
			packageReferences = (
				B38F71A12CB93A910034DC56 /* XCRemoteSwiftPackageReference "firebase-ios-sdk" */,
			);
			productRefGroup = B38F71872CB9386B0034DC56 /* Products */;
			projectDirPath = "";
			projectRoot = "";
			targets = (
				B38F71852CB9386B0034DC56 /* FlashCard */,
			);
		};
/* End PBXProject section */

/* Begin PBXResourcesBuildPhase section */
		B38F71842CB9386B0034DC56 /* Resources */ = {
			isa = PBXResourcesBuildPhase;
			buildActionMask = 2147483647;
			files = (
				B38F71912CB9386C0034DC56 /* Preview Assets.xcassets in Resources */,
				B38F718E2CB9386C0034DC56 /* Assets.xcassets in Resources */,
				B308A83F2CBA9E3E008A8534 /* GoogleService-Info.plist in Resources */,
			);
			runOnlyForDeploymentPostprocessing = 0;
		};
/* End PBXResourcesBuildPhase section */

/* Begin PBXSourcesBuildPhase section */
		B38F71822CB9386B0034DC56 /* Sources */ = {
			isa = PBXSourcesBuildPhase;
			buildActionMask = 2147483647;
			files = (
				B308A83B2CB96133008A8534 /* AddFlashCardView.swift in Sources */,
				B38F71932CB9386C0034DC56 /* Persistence.swift in Sources */,
				B38F718C2CB9386B0034DC56 /* ContentView.swift in Sources */,
				B38F71ED2CB9415F0034DC56 /* FlashCard+CoreDataProperties.swift in Sources */,
				B308A8352CB94B1F008A8534 /* FireStoreManager.swift in Sources */,
				B308A8372CB96097008A8534 /* DeckDetailView.swift in Sources */,
				B38F71EC2CB9415F0034DC56 /* FlashCard+CoreDataClass.swift in Sources */,
				B308A83D2CB961DE008A8534 /* CoreDataStack.swift in Sources */,
				B38F71962CB9386C0034DC56 /* FlashCard.xcdatamodeld in Sources */,
				B308A8412CBBE294008A8534 /* FlashCardStudyView.swift in Sources */,
				B38F71EB2CB9415F0034DC56 /* Topic+CoreDataProperties.swift in Sources */,
				B38F71EA2CB9415F0034DC56 /* Topic+CoreDataClass.swift in Sources */,
				B38F71E82CB9415F0034DC56 /* Deck+CoreDataClass.swift in Sources */,
				B38F71E92CB9415F0034DC56 /* Deck+CoreDataProperties.swift in Sources */,
				B38F718A2CB9386B0034DC56 /* FlashCardApp.swift in Sources */,
				B308A8392CB96106008A8534 /* Deck+Helpers.swift in Sources */,
				B38F71EF2CB943640034DC56 /* HomePageView.swift in Sources */,
			);
			runOnlyForDeploymentPostprocessing = 0;
		};
/* End PBXSourcesBuildPhase section */

/* Begin XCBuildConfiguration section */
		B38F71972CB9386C0034DC56 /* Debug */ = {
			isa = XCBuildConfiguration;
			buildSettings = {
				ALWAYS_SEARCH_USER_PATHS = NO;
				ASSETCATALOG_COMPILER_GENERATE_SWIFT_ASSET_SYMBOL_EXTENSIONS = YES;
				CLANG_ANALYZER_NONNULL = YES;
				CLANG_ANALYZER_NUMBER_OBJECT_CONVERSION = YES_AGGRESSIVE;
				CLANG_CXX_LANGUAGE_STANDARD = "gnu++20";
				CLANG_ENABLE_MODULES = YES;
				CLANG_ENABLE_OBJC_ARC = YES;
				CLANG_ENABLE_OBJC_WEAK = YES;
				CLANG_WARN_BLOCK_CAPTURE_AUTORELEASING = YES;
				CLANG_WARN_BOOL_CONVERSION = YES;
				CLANG_WARN_COMMA = YES;
				CLANG_WARN_CONSTANT_CONVERSION = YES;
				CLANG_WARN_DEPRECATED_OBJC_IMPLEMENTATIONS = YES;
				CLANG_WARN_DIRECT_OBJC_ISA_USAGE = YES_ERROR;
				CLANG_WARN_DOCUMENTATION_COMMENTS = YES;
				CLANG_WARN_EMPTY_BODY = YES;
				CLANG_WARN_ENUM_CONVERSION = YES;
				CLANG_WARN_INFINITE_RECURSION = YES;
				CLANG_WARN_INT_CONVERSION = YES;
				CLANG_WARN_NON_LITERAL_NULL_CONVERSION = YES;
				CLANG_WARN_OBJC_IMPLICIT_RETAIN_SELF = YES;
				CLANG_WARN_OBJC_LITERAL_CONVERSION = YES;
				CLANG_WARN_OBJC_ROOT_CLASS = YES_ERROR;
				CLANG_WARN_QUOTED_INCLUDE_IN_FRAMEWORK_HEADER = YES;
				CLANG_WARN_RANGE_LOOP_ANALYSIS = YES;
				CLANG_WARN_STRICT_PROTOTYPES = YES;
				CLANG_WARN_SUSPICIOUS_MOVE = YES;
				CLANG_WARN_UNGUARDED_AVAILABILITY = YES_AGGRESSIVE;
				CLANG_WARN_UNREACHABLE_CODE = YES;
				CLANG_WARN__DUPLICATE_METHOD_MATCH = YES;
				COPY_PHASE_STRIP = NO;
				DEBUG_INFORMATION_FORMAT = dwarf;
				ENABLE_STRICT_OBJC_MSGSEND = YES;
				ENABLE_TESTABILITY = YES;
				ENABLE_USER_SCRIPT_SANDBOXING = YES;
				GCC_C_LANGUAGE_STANDARD = gnu17;
				GCC_DYNAMIC_NO_PIC = NO;
				GCC_NO_COMMON_BLOCKS = YES;
				GCC_OPTIMIZATION_LEVEL = 0;
				GCC_PREPROCESSOR_DEFINITIONS = (
					"DEBUG=1",
					"$(inherited)",
				);
				GCC_WARN_64_TO_32_BIT_CONVERSION = YES;
				GCC_WARN_ABOUT_RETURN_TYPE = YES_ERROR;
				GCC_WARN_UNDECLARED_SELECTOR = YES;
				GCC_WARN_UNINITIALIZED_AUTOS = YES_AGGRESSIVE;
				GCC_WARN_UNUSED_FUNCTION = YES;
				GCC_WARN_UNUSED_VARIABLE = YES;
				IPHONEOS_DEPLOYMENT_TARGET = 17.2;
				LOCALIZATION_PREFERS_STRING_CATALOGS = YES;
				MTL_ENABLE_DEBUG_INFO = INCLUDE_SOURCE;
				MTL_FAST_MATH = YES;
				ONLY_ACTIVE_ARCH = YES;
				SDKROOT = iphoneos;
				SWIFT_ACTIVE_COMPILATION_CONDITIONS = "DEBUG $(inherited)";
				SWIFT_OPTIMIZATION_LEVEL = "-Onone";
			};
			name = Debug;
		};
		B38F71982CB9386C0034DC56 /* Release */ = {
			isa = XCBuildConfiguration;
			buildSettings = {
				ALWAYS_SEARCH_USER_PATHS = NO;
				ASSETCATALOG_COMPILER_GENERATE_SWIFT_ASSET_SYMBOL_EXTENSIONS = YES;
				CLANG_ANALYZER_NONNULL = YES;
				CLANG_ANALYZER_NUMBER_OBJECT_CONVERSION = YES_AGGRESSIVE;
				CLANG_CXX_LANGUAGE_STANDARD = "gnu++20";
				CLANG_ENABLE_MODULES = YES;
				CLANG_ENABLE_OBJC_ARC = YES;
				CLANG_ENABLE_OBJC_WEAK = YES;
				CLANG_WARN_BLOCK_CAPTURE_AUTORELEASING = YES;
				CLANG_WARN_BOOL_CONVERSION = YES;
				CLANG_WARN_COMMA = YES;
				CLANG_WARN_CONSTANT_CONVERSION = YES;
				CLANG_WARN_DEPRECATED_OBJC_IMPLEMENTATIONS = YES;
				CLANG_WARN_DIRECT_OBJC_ISA_USAGE = YES_ERROR;
				CLANG_WARN_DOCUMENTATION_COMMENTS = YES;
				CLANG_WARN_EMPTY_BODY = YES;
				CLANG_WARN_ENUM_CONVERSION = YES;
				CLANG_WARN_INFINITE_RECURSION = YES;
				CLANG_WARN_INT_CONVERSION = YES;
				CLANG_WARN_NON_LITERAL_NULL_CONVERSION = YES;
				CLANG_WARN_OBJC_IMPLICIT_RETAIN_SELF = YES;
				CLANG_WARN_OBJC_LITERAL_CONVERSION = YES;
				CLANG_WARN_OBJC_ROOT_CLASS = YES_ERROR;
				CLANG_WARN_QUOTED_INCLUDE_IN_FRAMEWORK_HEADER = YES;
				CLANG_WARN_RANGE_LOOP_ANALYSIS = YES;
				CLANG_WARN_STRICT_PROTOTYPES = YES;
				CLANG_WARN_SUSPICIOUS_MOVE = YES;
				CLANG_WARN_UNGUARDED_AVAILABILITY = YES_AGGRESSIVE;
				CLANG_WARN_UNREACHABLE_CODE = YES;
				CLANG_WARN__DUPLICATE_METHOD_MATCH = YES;
				COPY_PHASE_STRIP = NO;
				DEBUG_INFORMATION_FORMAT = "dwarf-with-dsym";
				ENABLE_NS_ASSERTIONS = NO;
				ENABLE_STRICT_OBJC_MSGSEND = YES;
				ENABLE_USER_SCRIPT_SANDBOXING = YES;
				GCC_C_LANGUAGE_STANDARD = gnu17;
				GCC_NO_COMMON_BLOCKS = YES;
				GCC_WARN_64_TO_32_BIT_CONVERSION = YES;
				GCC_WARN_ABOUT_RETURN_TYPE = YES_ERROR;
				GCC_WARN_UNDECLARED_SELECTOR = YES;
				GCC_WARN_UNINITIALIZED_AUTOS = YES_AGGRESSIVE;
				GCC_WARN_UNUSED_FUNCTION = YES;
				GCC_WARN_UNUSED_VARIABLE = YES;
				IPHONEOS_DEPLOYMENT_TARGET = 17.2;
				LOCALIZATION_PREFERS_STRING_CATALOGS = YES;
				MTL_ENABLE_DEBUG_INFO = NO;
				MTL_FAST_MATH = YES;
				SDKROOT = iphoneos;
				SWIFT_COMPILATION_MODE = wholemodule;
				VALIDATE_PRODUCT = YES;
			};
			name = Release;
		};
		B38F719A2CB9386C0034DC56 /* Debug */ = {
			isa = XCBuildConfiguration;
			buildSettings = {
				ASSETCATALOG_COMPILER_APPICON_NAME = AppIcon;
				ASSETCATALOG_COMPILER_GLOBAL_ACCENT_COLOR_NAME = AccentColor;
				CODE_SIGN_STYLE = Automatic;
				CURRENT_PROJECT_VERSION = 1;
				DEVELOPMENT_ASSET_PATHS = "\"FlashCard/Preview Content\"";
				DEVELOPMENT_TEAM = 76JC544WPM;
				ENABLE_PREVIEWS = YES;
				GENERATE_INFOPLIST_FILE = YES;
				INFOPLIST_KEY_UIApplicationSceneManifest_Generation = YES;
				INFOPLIST_KEY_UIApplicationSupportsIndirectInputEvents = YES;
				INFOPLIST_KEY_UILaunchScreen_Generation = YES;
				INFOPLIST_KEY_UISupportedInterfaceOrientations_iPad = "UIInterfaceOrientationPortrait UIInterfaceOrientationPortraitUpsideDown UIInterfaceOrientationLandscapeLeft UIInterfaceOrientationLandscapeRight";
				INFOPLIST_KEY_UISupportedInterfaceOrientations_iPhone = "UIInterfaceOrientationPortrait UIInterfaceOrientationLandscapeLeft UIInterfaceOrientationLandscapeRight";
				LD_RUNPATH_SEARCH_PATHS = (
					"$(inherited)",
					"@executable_path/Frameworks",
				);
				MARKETING_VERSION = 1.0;
				PRODUCT_BUNDLE_IDENTIFIER = com.glitch.FlashCard;
				PRODUCT_NAME = "$(TARGET_NAME)";
				SWIFT_EMIT_LOC_STRINGS = YES;
				SWIFT_VERSION = 5.0;
				TARGETED_DEVICE_FAMILY = "1,2";
			};
			name = Debug;
		};
		B38F719B2CB9386C0034DC56 /* Release */ = {
			isa = XCBuildConfiguration;
			buildSettings = {
				ASSETCATALOG_COMPILER_APPICON_NAME = AppIcon;
				ASSETCATALOG_COMPILER_GLOBAL_ACCENT_COLOR_NAME = AccentColor;
				CODE_SIGN_STYLE = Automatic;
				CURRENT_PROJECT_VERSION = 1;
				DEVELOPMENT_ASSET_PATHS = "\"FlashCard/Preview Content\"";
				DEVELOPMENT_TEAM = 76JC544WPM;
				ENABLE_PREVIEWS = YES;
				GENERATE_INFOPLIST_FILE = YES;
				INFOPLIST_KEY_UIApplicationSceneManifest_Generation = YES;
				INFOPLIST_KEY_UIApplicationSupportsIndirectInputEvents = YES;
				INFOPLIST_KEY_UILaunchScreen_Generation = YES;
				INFOPLIST_KEY_UISupportedInterfaceOrientations_iPad = "UIInterfaceOrientationPortrait UIInterfaceOrientationPortraitUpsideDown UIInterfaceOrientationLandscapeLeft UIInterfaceOrientationLandscapeRight";
				INFOPLIST_KEY_UISupportedInterfaceOrientations_iPhone = "UIInterfaceOrientationPortrait UIInterfaceOrientationLandscapeLeft UIInterfaceOrientationLandscapeRight";
				LD_RUNPATH_SEARCH_PATHS = (
					"$(inherited)",
					"@executable_path/Frameworks",
				);
				MARKETING_VERSION = 1.0;
				PRODUCT_BUNDLE_IDENTIFIER = com.glitch.FlashCard;
				PRODUCT_NAME = "$(TARGET_NAME)";
				SWIFT_EMIT_LOC_STRINGS = YES;
				SWIFT_VERSION = 5.0;
				TARGETED_DEVICE_FAMILY = "1,2";
			};
			name = Release;
		};
/* End XCBuildConfiguration section */

/* Begin XCConfigurationList section */
		B38F71812CB9386B0034DC56 /* Build configuration list for PBXProject "FlashCard" */ = {
			isa = XCConfigurationList;
			buildConfigurations = (
				B38F71972CB9386C0034DC56 /* Debug */,
				B38F71982CB9386C0034DC56 /* Release */,
			);
			defaultConfigurationIsVisible = 0;
			defaultConfigurationName = Release;
		};
		B38F71992CB9386C0034DC56 /* Build configuration list for PBXNativeTarget "FlashCard" */ = {
			isa = XCConfigurationList;
			buildConfigurations = (
				B38F719A2CB9386C0034DC56 /* Debug */,
				B38F719B2CB9386C0034DC56 /* Release */,
			);
			defaultConfigurationIsVisible = 0;
			defaultConfigurationName = Release;
		};
/* End XCConfigurationList section */

/* Begin XCRemoteSwiftPackageReference section */
		B38F71A12CB93A910034DC56 /* XCRemoteSwiftPackageReference "firebase-ios-sdk" */ = {
			isa = XCRemoteSwiftPackageReference;
			repositoryURL = "https://github.com/firebase/firebase-ios-sdk.git";
			requirement = {
				kind = upToNextMajorVersion;
				minimumVersion = 11.3.0;
			};
		};
/* End XCRemoteSwiftPackageReference section */

/* Begin XCSwiftPackageProductDependency section */
		B38F71A22CB93A910034DC56 /* FirebaseAnalytics */ = {
			isa = XCSwiftPackageProductDependency;
			package = B38F71A12CB93A910034DC56 /* XCRemoteSwiftPackageReference "firebase-ios-sdk" */;
			productName = FirebaseAnalytics;
		};
		B38F71A42CB93A910034DC56 /* FirebaseAnalyticsOnDeviceConversion */ = {
			isa = XCSwiftPackageProductDependency;
			package = B38F71A12CB93A910034DC56 /* XCRemoteSwiftPackageReference "firebase-ios-sdk" */;
			productName = FirebaseAnalyticsOnDeviceConversion;
		};
		B38F71A62CB93A910034DC56 /* FirebaseAnalyticsWithoutAdIdSupport */ = {
			isa = XCSwiftPackageProductDependency;
			package = B38F71A12CB93A910034DC56 /* XCRemoteSwiftPackageReference "firebase-ios-sdk" */;
			productName = FirebaseAnalyticsWithoutAdIdSupport;
		};
		B38F71A82CB93A910034DC56 /* FirebaseAppCheck */ = {
			isa = XCSwiftPackageProductDependency;
			package = B38F71A12CB93A910034DC56 /* XCRemoteSwiftPackageReference "firebase-ios-sdk" */;
			productName = FirebaseAppCheck;
		};
		B38F71AA2CB93A910034DC56 /* FirebaseAppDistribution-Beta */ = {
			isa = XCSwiftPackageProductDependency;
			package = B38F71A12CB93A910034DC56 /* XCRemoteSwiftPackageReference "firebase-ios-sdk" */;
			productName = "FirebaseAppDistribution-Beta";
		};
		B38F71AC2CB93A910034DC56 /* FirebaseAuth */ = {
			isa = XCSwiftPackageProductDependency;
			package = B38F71A12CB93A910034DC56 /* XCRemoteSwiftPackageReference "firebase-ios-sdk" */;
			productName = FirebaseAuth;
		};
		B38F71AE2CB93A910034DC56 /* FirebaseAuthCombine-Community */ = {
			isa = XCSwiftPackageProductDependency;
			package = B38F71A12CB93A910034DC56 /* XCRemoteSwiftPackageReference "firebase-ios-sdk" */;
			productName = "FirebaseAuthCombine-Community";
		};
		B38F71B02CB93A910034DC56 /* FirebaseCore */ = {
			isa = XCSwiftPackageProductDependency;
			package = B38F71A12CB93A910034DC56 /* XCRemoteSwiftPackageReference "firebase-ios-sdk" */;
			productName = FirebaseCore;
		};
		B38F71B22CB93A910034DC56 /* FirebaseCrashlytics */ = {
			isa = XCSwiftPackageProductDependency;
			package = B38F71A12CB93A910034DC56 /* XCRemoteSwiftPackageReference "firebase-ios-sdk" */;
			productName = FirebaseCrashlytics;
		};
		B38F71B42CB93A910034DC56 /* FirebaseDatabase */ = {
			isa = XCSwiftPackageProductDependency;
			package = B38F71A12CB93A910034DC56 /* XCRemoteSwiftPackageReference "firebase-ios-sdk" */;
			productName = FirebaseDatabase;
		};
		B38F71B62CB93A910034DC56 /* FirebaseDynamicLinks */ = {
			isa = XCSwiftPackageProductDependency;
			package = B38F71A12CB93A910034DC56 /* XCRemoteSwiftPackageReference "firebase-ios-sdk" */;
			productName = FirebaseDynamicLinks;
		};
		B38F71B82CB93A910034DC56 /* FirebaseFirestore */ = {
			isa = XCSwiftPackageProductDependency;
			package = B38F71A12CB93A910034DC56 /* XCRemoteSwiftPackageReference "firebase-ios-sdk" */;
			productName = FirebaseFirestore;
		};
		B38F71BA2CB93A910034DC56 /* FirebaseFirestoreCombine-Community */ = {
			isa = XCSwiftPackageProductDependency;
			package = B38F71A12CB93A910034DC56 /* XCRemoteSwiftPackageReference "firebase-ios-sdk" */;
			productName = "FirebaseFirestoreCombine-Community";
		};
		B38F71BC2CB93A910034DC56 /* FirebaseFunctions */ = {
			isa = XCSwiftPackageProductDependency;
			package = B38F71A12CB93A910034DC56 /* XCRemoteSwiftPackageReference "firebase-ios-sdk" */;
			productName = FirebaseFunctions;
		};
		B38F71BE2CB93A910034DC56 /* FirebaseFunctionsCombine-Community */ = {
			isa = XCSwiftPackageProductDependency;
			package = B38F71A12CB93A910034DC56 /* XCRemoteSwiftPackageReference "firebase-ios-sdk" */;
			productName = "FirebaseFunctionsCombine-Community";
		};
		B38F71C02CB93A910034DC56 /* FirebaseInAppMessaging-Beta */ = {
			isa = XCSwiftPackageProductDependency;
			package = B38F71A12CB93A910034DC56 /* XCRemoteSwiftPackageReference "firebase-ios-sdk" */;
			productName = "FirebaseInAppMessaging-Beta";
		};
		B38F71C22CB93A910034DC56 /* FirebaseInstallations */ = {
			isa = XCSwiftPackageProductDependency;
			package = B38F71A12CB93A910034DC56 /* XCRemoteSwiftPackageReference "firebase-ios-sdk" */;
			productName = FirebaseInstallations;
		};
		B38F71C42CB93A910034DC56 /* FirebaseMLModelDownloader */ = {
			isa = XCSwiftPackageProductDependency;
			package = B38F71A12CB93A910034DC56 /* XCRemoteSwiftPackageReference "firebase-ios-sdk" */;
			productName = FirebaseMLModelDownloader;
		};
		B38F71C62CB93A910034DC56 /* FirebaseMessaging */ = {
			isa = XCSwiftPackageProductDependency;
			package = B38F71A12CB93A910034DC56 /* XCRemoteSwiftPackageReference "firebase-ios-sdk" */;
			productName = FirebaseMessaging;
		};
		B38F71C82CB93A910034DC56 /* FirebasePerformance */ = {
			isa = XCSwiftPackageProductDependency;
			package = B38F71A12CB93A910034DC56 /* XCRemoteSwiftPackageReference "firebase-ios-sdk" */;
			productName = FirebasePerformance;
		};
		B38F71CA2CB93A910034DC56 /* FirebaseRemoteConfig */ = {
			isa = XCSwiftPackageProductDependency;
			package = B38F71A12CB93A910034DC56 /* XCRemoteSwiftPackageReference "firebase-ios-sdk" */;
			productName = FirebaseRemoteConfig;
		};
		B38F71CC2CB93A910034DC56 /* FirebaseStorage */ = {
			isa = XCSwiftPackageProductDependency;
			package = B38F71A12CB93A910034DC56 /* XCRemoteSwiftPackageReference "firebase-ios-sdk" */;
			productName = FirebaseStorage;
		};
		B38F71CE2CB93A910034DC56 /* FirebaseStorageCombine-Community */ = {
			isa = XCSwiftPackageProductDependency;
			package = B38F71A12CB93A910034DC56 /* XCRemoteSwiftPackageReference "firebase-ios-sdk" */;
			productName = "FirebaseStorageCombine-Community";
		};
		B38F71D02CB93A910034DC56 /* FirebaseVertexAI-Preview */ = {
			isa = XCSwiftPackageProductDependency;
			package = B38F71A12CB93A910034DC56 /* XCRemoteSwiftPackageReference "firebase-ios-sdk" */;
			productName = "FirebaseVertexAI-Preview";
		};
/* End XCSwiftPackageProductDependency section */

/* Begin XCVersionGroup section */
		B38F71942CB9386C0034DC56 /* FlashCard.xcdatamodeld */ = {
			isa = XCVersionGroup;
			children = (
				B38F71952CB9386C0034DC56 /* FlashCard.xcdatamodel */,
			);
			currentVersion = B38F71952CB9386C0034DC56 /* FlashCard.xcdatamodel */;
			path = FlashCard.xcdatamodeld;
			sourceTree = "<group>";
			versionGroupType = wrapper.xcdatamodel;
		};
/* End XCVersionGroup section */
	};
	rootObject = B38F717E2CB9386B0034DC56 /* Project object */;
}
